
Microsoft Visual Studio Solution File, Format Version 12.00
# Visual Studio Version 17
VisualStudioVersion = 17.13.35931.197 d17.13
MinimumVisualStudioVersion = 10.0.40219.1
Project("{FAE04EC0-301F-11D3-BF4B-00C04F79EFBC}") = "testy-dybas", "testy-dybas.csproj", "{1AD6FD64-73A1-4D93-813C-A141B8CB5DF3}"
EndProject
Global
	GlobalSection(SolutionConfigurationPlatforms) = preSolution
		Debug|Any CPU = Debug|Any CPU
		Release|Any CPU = Release|Any CPU
	EndGlobalSection
	GlobalSection(ProjectConfigurationPlatforms) = postSolution
		{1AD6FD64-73A1-4D93-813C-A141B8CB5DF3}.Debug|Any CPU.ActiveCfg = Debug|Any CPU
		{1AD6FD64-73A1-4D93-813C-A141B8CB5DF3}.Debug|Any CPU.Build.0 = Debug|Any CPU
		{1AD6FD64-73A1-4D93-813C-A141B8CB5DF3}.Release|Any CPU.ActiveCfg = Release|Any CPU
		{1AD6FD64-73A1-4D93-813C-A141B8CB5DF3}.Release|Any CPU.Build.0 = Release|Any CPU
	EndGlobalSection
	GlobalSection(SolutionProperties) = preSolution
		HideSolutionNode = FALSE
	EndGlobalSection
	GlobalSection(ExtensibilityGlobals) = postSolution
		SolutionGuid = {E60198EA-2820-4536-ABDB-31EEBF4BA0CE}
	EndGlobalSection
EndGlobal
